{
  "nodes": {
    "emacs-overlay": {
      "locked": {
        "lastModified": 1638585677,
        "narHash": "sha256-KuYtROKQE2fxqxOD0BF+5Cx7Q+Kc6d2YchKAH1Y1v/o=",
        "owner": "nix-community",
        "repo": "emacs-overlay",
        "rev": "5e7af7d4bda485bb65a353d16a1ca38d9b73b178",
        "type": "github"
      },
      "original": {
        "owner": "nix-community",
        "repo": "emacs-overlay",
        "rev": "5e7af7d4bda485bb65a353d16a1ca38d9b73b178",
        "type": "github"
      }
    },
    "home-manager": {
      "inputs": {
        "nixpkgs": "nixpkgs"
      },
      "locked": {
        "lastModified": 1640417317,
        "narHash": "sha256-jT2uMARXs0Xm65ccroFsKyr4LTHSecw+9HAnmBdJO8U=",
        "owner": "nix-community",
        "repo": "home-manager",
        "rev": "48f2b381dd397ec88040d3354ac9c036739ba139",
        "type": "github"
      },
      "original": {
        "owner": "nix-community",
        "repo": "home-manager",
        "type": "github"
      }
    },
    "nixpkgs": {
      "locked": {
        "lastModified": 1640418986,
        "narHash": "sha256-a8GGtxn2iL3WAkY5H+4E0s3Q7XJt6bTOvos9qqxT5OQ=",
        "owner": "NixOS",
        "repo": "nixpkgs",
        "rev": "5c37ad87222cfc1ec36d6cd1364514a9efc2f7f2",
        "type": "github"
      },
      "original": {
        "id": "nixpkgs",
        "type": "indirect"
      }
    },
    "nixpkgs_2": {
      "locked": {
        "lastModified": 1640408860,
        "narHash": "sha256-h2uF3+a8bVfM8SjcS4hLbsOzOuG3qsxuImC0BucWs1Q=",
        "owner": "nixos",
        "repo": "nixpkgs",
        "rev": "cb372c3b8880e504b06946e8fb2ca9777c685505",
        "type": "github"
      },
      "original": {
        "owner": "nixos",
        "ref": "nixos-unstable",
        "repo": "nixpkgs",
        "type": "github"
      }
    },
    "root": {
      "inputs": {
        "emacs-overlay": "emacs-overlay",
        "home-manager": "home-manager",
        "nixpkgs": "nixpkgs_2"
      }
    }
  },
  "root": "root",
  "version": 7
}
